
Microsoft Visual Studio Solution File, Format Version 12.00
# Visual Studio Version 16
VisualStudioVersion = 25.0.1704.2
MinimumVisualStudioVersion = 10.0.40219.1
Project("{FAE04EC0-301F-11D3-BF4B-00C04F79EFBC}") = "alqoritm suali 2", "alqoritm suali 2\alqoritm suali 2.csproj", "{E4272D39-FC91-445E-8B5D-BD4541BB592F}"
EndProject
Global
	GlobalSection(SolutionConfigurationPlatforms) = preSolution
		Debug|Any CPU = Debug|Any CPU
		Release|Any CPU = Release|Any CPU
	EndGlobalSection
	GlobalSection(ProjectConfigurationPlatforms) = postSolution
		{E4272D39-FC91-445E-8B5D-BD4541BB592F}.Debug|Any CPU.ActiveCfg = Debug|Any CPU
		{E4272D39-FC91-445E-8B5D-BD4541BB592F}.Debug|Any CPU.Build.0 = Debug|Any CPU
		{E4272D39-FC91-445E-8B5D-BD4541BB592F}.Release|Any CPU.ActiveCfg = Release|Any CPU
		{E4272D39-FC91-445E-8B5D-BD4541BB592F}.Release|Any CPU.Build.0 = Release|Any CPU
	EndGlobalSection
	GlobalSection(SolutionProperties) = preSolution
		HideSolutionNode = FALSE
	EndGlobalSection
	GlobalSection(ExtensibilityGlobals) = postSolution
		SolutionGuid = {7890873E-75BD-4698-A9B7-B25F616D3F63}
	EndGlobalSection
EndGlobal
